
Microsoft Visual Studio Solution File, Format Version 12.00
Project("{FAE04EC0-301F-11D3-BF4B-00C04F79EFBC}") = "HexGridGenerator", "HexGridGenerator\HexGridGenerator.csproj", "{462B4F1E-C9FA-43BE-B918-178795896813}"
EndProject
Global
	GlobalSection(SolutionConfigurationPlatforms) = preSolution
		Debug|Any CPU = Debug|Any CPU
		Release|Any CPU = Release|Any CPU
	EndGlobalSection
	GlobalSection(ProjectConfigurationPlatforms) = postSolution
		{462B4F1E-C9FA-43BE-B918-178795896813}.Debug|Any CPU.ActiveCfg = Debug|Any CPU
		{462B4F1E-C9FA-43BE-B918-178795896813}.Debug|Any CPU.Build.0 = Debug|Any CPU
		{462B4F1E-C9FA-43BE-B918-178795896813}.Release|Any CPU.ActiveCfg = Release|Any CPU
		{462B4F1E-C9FA-43BE-B918-178795896813}.Release|Any CPU.Build.0 = Release|Any CPU
	EndGlobalSection
EndGlobal
